<?xml version="1.0" encoding="utf-8"?>
<Project ToolsVersion="4.0" xmlns="http://schemas.microsoft.com/developer/msbuild/2003">
  <ItemGroup>
    <Filter Include="imgui">
      <UniqueIdentifier>{9ec3e5bd-79a5-4ecf-b32c-48e8da489cd8}</UniqueIdentifier>
    </Filter>
    <Filter Include="utils">
      <UniqueIdentifier>{3d914b68-5307-4c3f-95e6-99c344a9bcba}</UniqueIdentifier>
    </Filter>
    <Filter Include="utils\inc">
      <UniqueIdentifier>{93995380-89BD-4b04-88EB-625FBE52EBFB}</UniqueIdentifier>
      <Extensions>h;hh;hpp;hxx;h++;hm;inl;inc;ipp;xsd</Extensions>
    </Filter>
    <Filter Include="utils\rsc">
      <UniqueIdentifier>{6a697e84-803c-4c1f-8703-96610eac4de9}</UniqueIdentifier>
    </Filter>
    <Filter Include="utils\src">
      <UniqueIdentifier>{4FC737F1-C7A5-4376-A066-2A32D752A2FF}</UniqueIdentifier>
      <Extensions>cpp;c;cc;cxx;c++;cppm;ixx;def;odl;idl;hpj;bat;asm;asmx</Extensions>
    </Filter>
    <Filter Include="imgui\inc">
      <UniqueIdentifier>{823e5d02-84bb-4583-b30d-f12ecda2cd45}</UniqueIdentifier>
    </Filter>
    <Filter Include="imgui\src">
      <UniqueIdentifier>{74b713ec-6151-4555-bfa8-4e602f7f1e6e}</UniqueIdentifier>
    </Filter>
    <Filter Include="imgui\ext">
      <UniqueIdentifier>{7ec5e1a9-e250-4fb9-9257-8a6639f96d67}</UniqueIdentifier>
    </Filter>
    <Filter Include="imgui\ext\backend">
      <UniqueIdentifier>{30aed900-f215-4c0c-9ab8-32b02cace5e7}</UniqueIdentifier>
    </Filter>
    <Filter Include="imgui\ext\notify">
      <UniqueIdentifier>{8fb2c2e6-7d56-41a7-ac86-1d2e308a1750}</UniqueIdentifier>
    </Filter>
    <Filter Include="imgui\ext\plot">
      <UniqueIdentifier>{77e051f9-4f61-4d79-808a-203f7d556588}</UniqueIdentifier>
    </Filter>
    <Filter Include="imgui\ext\curve">
      <UniqueIdentifier>{6598a17b-b024-4ad3-b874-56a77de1a952}</UniqueIdentifier>
    </Filter>
  </ItemGroup>
  <ItemGroup>
    <ClInclude Include="..\inc\ImGuiClass.h">
      <Filter>utils\inc</Filter>
    </ClInclude>
    <ClInclude Include="..\ext\imgui\imconfig.h">
      <Filter>imgui\inc</Filter>
    </ClInclude>
    <ClInclude Include="..\ext\imgui\imgui.h">
      <Filter>imgui\inc</Filter>
    </ClInclude>
    <ClInclude Include="..\ext\imgui\imgui_internal.h">
      <Filter>imgui\inc</Filter>
    </ClInclude>
    <ClInclude Include="..\ext\imgui\imstb_rectpack.h">
      <Filter>imgui\inc</Filter>
    </ClInclude>
    <ClInclude Include="..\ext\imgui\imstb_textedit.h">
      <Filter>imgui\inc</Filter>
    </ClInclude>
    <ClInclude Include="..\ext\imgui\backends\imgui_impl_opengl3.h">
      <Filter>imgui\ext\backend</Filter>
    </ClInclude>
    <ClInclude Include="..\ext\imgui\backends\imgui_impl_opengl3_loader.h">
      <Filter>imgui\ext\backend</Filter>
    </ClInclude>
    <ClInclude Include="..\ext\imgui\imstb_truetype.h">
      <Filter>imgui\inc</Filter>
    </ClInclude>
    <ClInclude Include="..\ext\imgui-notify\fa_solid_900.h">
      <Filter>imgui\ext\notify</Filter>
    </ClInclude>
    <ClInclude Include="..\ext\imgui-notify\font_awesome_5.h">
      <Filter>imgui\ext\notify</Filter>
    </ClInclude>
    <ClInclude Include="..\ext\imgui-notify\imgui_notify.h">
      <Filter>imgui\ext\notify</Filter>
    </ClInclude>
    <ClInclude Include="..\ext\imgui-notify\tahoma.h">
      <Filter>imgui\ext\notify</Filter>
    </ClInclude>
    <ClInclude Include="..\ext\imgui\backends\imgui_impl_glfw.h">
      <Filter>imgui\ext\backend</Filter>
    </ClInclude>
    <ClInclude Include="..\ext\implot\implot.h">
      <Filter>imgui\ext\plot</Filter>
    </ClInclude>
    <ClInclude Include="..\ext\implot\implot_internal.h">
      <Filter>imgui\ext\plot</Filter>
    </ClInclude>
    <ClInclude Include="..\inc\ImGuiObjectEditor.h">
      <Filter>utils\inc</Filter>
    </ClInclude>
    <ClInclude Include="..\ext\curves\curve_editor.h">
      <Filter>imgui\ext\curve</Filter>
    </ClInclude>
  </ItemGroup>
  <ItemGroup>
    <ClCompile Include="..\src\imgui_styles.cpp">
      <Filter>utils\src</Filter>
    </ClCompile>
    <ClCompile Include="..\src\ImGuiClass.cpp">
      <Filter>utils\src</Filter>
    </ClCompile>
    <ClCompile Include="..\ext\imgui\backends\imgui_impl_opengl3.cpp">
      <Filter>imgui\ext\backend</Filter>
    </ClCompile>
    <ClCompile Include="..\ext\imgui\imgui_draw.cpp">
      <Filter>imgui\src</Filter>
    </ClCompile>
    <ClCompile Include="..\ext\imgui\imgui_demo.cpp">
      <Filter>imgui\src</Filter>
    </ClCompile>
    <ClCompile Include="..\ext\imgui\imgui.cpp">
      <Filter>imgui\src</Filter>
    </ClCompile>
    <ClCompile Include="..\ext\imgui\imgui_widgets.cpp">
      <Filter>imgui\src</Filter>
    </ClCompile>
    <ClCompile Include="..\ext\imgui\imgui_tables.cpp">
      <Filter>imgui\src</Filter>
    </ClCompile>
    <ClCompile Include="..\ext\imgui\backends\imgui_impl_glfw.cpp">
      <Filter>imgui\ext\backend</Filter>
    </ClCompile>
    <ClCompile Include="..\ext\implot\implot.cpp">
      <Filter>imgui\ext\plot</Filter>
    </ClCompile>
    <ClCompile Include="..\ext\implot\implot_items.cpp">
      <Filter>imgui\ext\plot</Filter>
    </ClCompile>
    <ClCompile Include="..\src\ImGuiObjectEditor.cpp">
      <Filter>utils\src</Filter>
    </ClCompile>
    <ClCompile Include="..\ext\curves\curve_editor.cpp">
      <Filter>imgui\ext\curve</Filter>
    </ClCompile>
  </ItemGroup>
  <ItemGroup>
    <None Include="..\ext\imgui-notify\LICENSE">
      <Filter>imgui\ext\notify</Filter>
    </None>
    <None Include="..\ext\imgui-notify\README.md">
      <Filter>imgui\ext\notify</Filter>
    </None>
    <None Include="..\ext\implot\LICENSE">
      <Filter>imgui\ext\plot</Filter>
    </None>
    <None Include="..\ext\implot\README.md">
      <Filter>imgui\ext\plot</Filter>
    </None>
    <None Include="..\ext\implot\TODO.md">
      <Filter>imgui\ext\plot</Filter>
    </None>
  </ItemGroup>
</Project>